{
  "name": "betapackage",
  "version": "1.0.0",
  "lockfileVersion": 1,
  "requires": true,
  "dependencies": {
    "test-jugend": {
      "version": "1.1.0-beta.2",
      "resolved": "https://registry.npmjs.org/test-jugend/-/test-jugend-1.1.0-beta.2.tgz",
      "integrity": "sha512-TmHEMgp5qxIfzvdF98/WJCLACWPjUFv4Ii6/lh7IQ2xb9eAhZpPZ9TBrUSG/LNNRobRCn+3zjEnd7+WBnKsqYg=="
    }
  }
}
